
Microsoft Visual Studio Solution File, Format Version 12.00
# Visual Studio Version 16
VisualStudioVersion = 16.0.30907.101
MinimumVisualStudioVersion = 10.0.40219.1
Project("{FAE04EC0-301F-11D3-BF4B-00C04F79EFBC}") = "Colas", "Colas\Colas.csproj", "{678C7143-D4A4-450C-BDBC-75CF08B1F79B}"
EndProject
Global
	GlobalSection(SolutionConfigurationPlatforms) = preSolution
		Debug|Any CPU = Debug|Any CPU
		Release|Any CPU = Release|Any CPU
	EndGlobalSection
	GlobalSection(ProjectConfigurationPlatforms) = postSolution
		{678C7143-D4A4-450C-BDBC-75CF08B1F79B}.Debug|Any CPU.ActiveCfg = Debug|Any CPU
		{678C7143-D4A4-450C-BDBC-75CF08B1F79B}.Debug|Any CPU.Build.0 = Debug|Any CPU
		{678C7143-D4A4-450C-BDBC-75CF08B1F79B}.Release|Any CPU.ActiveCfg = Release|Any CPU
		{678C7143-D4A4-450C-BDBC-75CF08B1F79B}.Release|Any CPU.Build.0 = Release|Any CPU
	EndGlobalSection
	GlobalSection(SolutionProperties) = preSolution
		HideSolutionNode = FALSE
	EndGlobalSection
	GlobalSection(ExtensibilityGlobals) = postSolution
		SolutionGuid = {4B4A57E2-9F84-42AF-97E8-9CCEB1AB130C}
	EndGlobalSection
EndGlobal
